
Microsoft Visual Studio Solution File, Format Version 12.00
# Visual Studio Version 17
VisualStudioVersion = 17.8.34525.116
MinimumVisualStudioVersion = 10.0.40219.1
Project("{9A19103F-16F7-4668-BE54-9A1E7A4F7556}") = "FormatValidationTool", "source\FormatValidationTool.csproj", "{4112776C-63D7-48A0-A21E-1CB7B86445C4}"
EndProject
Project("{9A19103F-16F7-4668-BE54-9A1E7A4F7556}") = "FormatValidationToolTest", "test\FormatValidationToolTest.csproj", "{931F1F74-D87F-4F0E-BEF1-3EA654317832}"
EndProject
Project("{2150E333-8FDC-42A3-9474-1A3956D46DE8}") = "方案項目", "方案項目", "{4E98E7C7-90F9-4021-BF73-48FCFD1F30B1}"
	ProjectSection(SolutionItems) = preProject
		.gitignore = .gitignore
		README.md = README.md
	EndProjectSection
EndProject
Global
	GlobalSection(SolutionConfigurationPlatforms) = preSolution
		Debug|Any CPU = Debug|Any CPU
		Release|Any CPU = Release|Any CPU
	EndGlobalSection
	GlobalSection(ProjectConfigurationPlatforms) = postSolution
		{4112776C-63D7-48A0-A21E-1CB7B86445C4}.Debug|Any CPU.ActiveCfg = Debug|Any CPU
		{4112776C-63D7-48A0-A21E-1CB7B86445C4}.Debug|Any CPU.Build.0 = Debug|Any CPU
		{4112776C-63D7-48A0-A21E-1CB7B86445C4}.Release|Any CPU.ActiveCfg = Release|Any CPU
		{4112776C-63D7-48A0-A21E-1CB7B86445C4}.Release|Any CPU.Build.0 = Release|Any CPU
		{931F1F74-D87F-4F0E-BEF1-3EA654317832}.Debug|Any CPU.ActiveCfg = Debug|Any CPU
		{931F1F74-D87F-4F0E-BEF1-3EA654317832}.Debug|Any CPU.Build.0 = Debug|Any CPU
		{931F1F74-D87F-4F0E-BEF1-3EA654317832}.Release|Any CPU.ActiveCfg = Release|Any CPU
		{931F1F74-D87F-4F0E-BEF1-3EA654317832}.Release|Any CPU.Build.0 = Release|Any CPU
	EndGlobalSection
	GlobalSection(SolutionProperties) = preSolution
		HideSolutionNode = FALSE
	EndGlobalSection
	GlobalSection(ExtensibilityGlobals) = postSolution
		SolutionGuid = {04C8663B-EC4E-45EE-BC55-0BF6C0C00058}
	EndGlobalSection
EndGlobal
